# This file is automatically @generated by Poetry.
# DO NOT MODIFY IT BY HAND!
#
# Unless you know what you are doing, do not change the format of this file.
# It is RECOMMENDED to commit this file.
# It will be OFTEN UPDATED in your commits.
# It SHOULD NOT be added to your .gitignore file.
# It ensures that your package dependencies are resolved consistently.
#
# To learn more about the format of this file, please visit:
# https://python-poetry.org/docs/dependency-specification/#lock-file-format
#
# If you modify this file and want to regenerate it, run `poetry lock --no-update`.
