# This file is automatically @generated by Poetry A.B.C and should not be changed by hand.

[metadata]
lock-version = "2.0"
python-versions = "^3.9"

[[package]] # Placeholder for at least one package to make it a valid lock file
name = "example-dep"
version = "0.1.0"
description = ""
category = "main"
optional = false
python-versions = "*"
